<?xml version="1.0" encoding="UTF-8"?>
<Scheme
   LastUpgradeVersion = "0820"
   version = "1.3">
   <BuildAction
      parallelizeBuildables = "YES"
      buildImplicitDependencies = "YES">
      <BuildActionEntries>
         <BuildActionEntry
            buildForTesting = "YES"
            buildForRunning = "YES"
            buildForProfiling = "YES"
            buildForArchiving = "YES"
            buildForAnalyzing = "YES">
            <BuildableReference
               BuildableIdentifier = "primary"
               BlueprintIdentifier = "E85125921EE04EAD0024F268"
               BuildableName = "libSwiftServerHttp.dylib"
               BlueprintName = "SwiftServerHttp"
               ReferencedContainer = "container:SwiftServerHttp.xcodeproj">
            </BuildableReference>
         </BuildActionEntry>
         <BuildActionEntry
            buildForTesting = "YES"
            buildForRunning = "YES"
            buildForProfiling = "YES"
            buildForArchiving = "YES"
            buildForAnalyzing = "YES">
            <BuildableReference
               BuildableIdentifier = "primary"
               BlueprintIdentifier = "E85125AE1EE0512B0024F268"
               BuildableName = "libmods_httpapi.so"
               BlueprintName = "mods_httpapi"
               ReferencedContainer = "container:SwiftServerHttp.xcodeproj">
            </BuildableReference>
         </BuildActionEntry>
      </BuildActionEntries>
   </BuildAction>
   <TestAction
      buildConfiguration = "Debug"
      selectedDebuggerIdentifier = "Xcode.DebuggerFoundation.Debugger.LLDB"
      selectedLauncherIdentifier = "Xcode.DebuggerFoundation.Launcher.LLDB"
      shouldUseLaunchSchemeArgsEnv = "YES">
      <Testables>
      </Testables>
      <MacroExpansion>
         <BuildableReference
            BuildableIdentifier = "primary"
            BlueprintIdentifier = "E85125AE1EE0512B0024F268"
            BuildableName = "libmods_httpapi.so"
            BlueprintName = "mods_httpapi"
            ReferencedContainer = "container:SwiftServerHttp.xcodeproj">
         </BuildableReference>
      </MacroExpansion>
      <AdditionalOptions>
      </AdditionalOptions>
   </TestAction>
   <LaunchAction
      buildConfiguration = "Debug"
      selectedDebuggerIdentifier = "Xcode.DebuggerFoundation.Debugger.LLDB"
      selectedLauncherIdentifier = "Xcode.DebuggerFoundation.Launcher.LLDB"
      launchStyle = "0"
      useCustomWorkingDirectory = "NO"
      ignoresPersistentStateOnLaunch = "NO"
      debugDocumentVersioning = "YES"
      debugServiceExtension = "internal"
      allowLocationSimulation = "YES">
      <PathRunnable
         runnableDebuggingMode = "0"
         FilePath = "/usr/local/opt/httpd24/bin/httpd">
      </PathRunnable>
      <MacroExpansion>
         <BuildableReference
            BuildableIdentifier = "primary"
            BlueprintIdentifier = "E85125AE1EE0512B0024F268"
            BuildableName = "libmods_httpapi.so"
            BlueprintName = "mods_httpapi"
            ReferencedContainer = "container:SwiftServerHttp.xcodeproj">
         </BuildableReference>
      </MacroExpansion>
      <CommandLineArguments>
         <CommandLineArgument
            argument = "-f $(CONFIGURATION_BUILD_DIR)/apache.conf"
            isEnabled = "YES">
         </CommandLineArgument>
         <CommandLineArgument
            argument = "-X"
            isEnabled = "YES">
         </CommandLineArgument>
         <CommandLineArgument
            argument = "-f $(BUILD_DIR)/apache.conf"
            isEnabled = "NO">
         </CommandLineArgument>
      </CommandLineArguments>
      <EnvironmentVariables>
         <EnvironmentVariable
            key = "EXPRESS_VIEWS"
            value = "$(SRCROOT)/$(PRODUCT_NAME)/views"
            isEnabled = "YES">
         </EnvironmentVariable>
         <EnvironmentVariable
            key = "EXPRESS_ENV"
            value = "development"
            isEnabled = "YES">
         </EnvironmentVariable>
         <EnvironmentVariable
            key = "ZEEQL_LOGLEVEL"
            value = "trace"
            isEnabled = "NO">
         </EnvironmentVariable>
      </EnvironmentVariables>
      <AdditionalOptions>
      </AdditionalOptions>
   </LaunchAction>
   <ProfileAction
      buildConfiguration = "Release"
      shouldUseLaunchSchemeArgsEnv = "YES"
      savedToolIdentifier = ""
      useCustomWorkingDirectory = "NO"
      debugDocumentVersioning = "YES">
      <MacroExpansion>
         <BuildableReference
            BuildableIdentifier = "primary"
            BlueprintIdentifier = "E85125AE1EE0512B0024F268"
            BuildableName = "libmods_httpapi.so"
            BlueprintName = "mods_httpapi"
            ReferencedContainer = "container:SwiftServerHttp.xcodeproj">
         </BuildableReference>
      </MacroExpansion>
   </ProfileAction>
   <AnalyzeAction
      buildConfiguration = "Debug">
   </AnalyzeAction>
   <ArchiveAction
      buildConfiguration = "Release"
      revealArchiveInOrganizer = "YES">
   </ArchiveAction>
</Scheme>
